
Microsoft Visual Studio Solution File, Format Version 12.00
# Visual Studio 2013
VisualStudioVersion = 12.0.31101.0
MinimumVisualStudioVersion = 10.0.40219.1
Project("{FAE04EC0-301F-11D3-BF4B-00C04F79EFBC}") = "MLA.Graphics", "MLA.Graphics\MLA.Graphics.csproj", "{763164F1-3923-4DAD-88B1-A4B1295062E5}"
EndProject
Project("{FAE04EC0-301F-11D3-BF4B-00C04F79EFBC}") = "MLA.Graphics.WinForms", "MLA.Graphics.WinForms\MLA.Graphics.WinForms.csproj", "{F201B474-8472-4191-BDD9-FBE6594FFA88}"
EndProject
Global
	GlobalSection(SolutionConfigurationPlatforms) = preSolution
		Debug|Any CPU = Debug|Any CPU
		Release|Any CPU = Release|Any CPU
	EndGlobalSection
	GlobalSection(ProjectConfigurationPlatforms) = postSolution
		{763164F1-3923-4DAD-88B1-A4B1295062E5}.Debug|Any CPU.ActiveCfg = Debug|Any CPU
		{763164F1-3923-4DAD-88B1-A4B1295062E5}.Debug|Any CPU.Build.0 = Debug|Any CPU
		{763164F1-3923-4DAD-88B1-A4B1295062E5}.Release|Any CPU.ActiveCfg = Release|Any CPU
		{763164F1-3923-4DAD-88B1-A4B1295062E5}.Release|Any CPU.Build.0 = Release|Any CPU
		{F201B474-8472-4191-BDD9-FBE6594FFA88}.Debug|Any CPU.ActiveCfg = Debug|Any CPU
		{F201B474-8472-4191-BDD9-FBE6594FFA88}.Debug|Any CPU.Build.0 = Debug|Any CPU
		{F201B474-8472-4191-BDD9-FBE6594FFA88}.Release|Any CPU.ActiveCfg = Release|Any CPU
		{F201B474-8472-4191-BDD9-FBE6594FFA88}.Release|Any CPU.Build.0 = Release|Any CPU
	EndGlobalSection
	GlobalSection(SolutionProperties) = preSolution
		HideSolutionNode = FALSE
	EndGlobalSection
EndGlobal
